
Microsoft Visual Studio Solution File, Format Version 12.00
# Visual Studio Version 17
VisualStudioVersion = 17.5.33516.290
MinimumVisualStudioVersion = 10.0.40219.1
Project("{FAE04EC0-301F-11D3-BF4B-00C04F79EFBC}") = "matrizes6", "matrizes6\matrizes6.csproj", "{479C81E0-CF9C-4352-8140-D202B2FE64B7}"
EndProject
Global
	GlobalSection(SolutionConfigurationPlatforms) = preSolution
		Debug|Any CPU = Debug|Any CPU
		Release|Any CPU = Release|Any CPU
	EndGlobalSection
	GlobalSection(ProjectConfigurationPlatforms) = postSolution
		{479C81E0-CF9C-4352-8140-D202B2FE64B7}.Debug|Any CPU.ActiveCfg = Debug|Any CPU
		{479C81E0-CF9C-4352-8140-D202B2FE64B7}.Debug|Any CPU.Build.0 = Debug|Any CPU
		{479C81E0-CF9C-4352-8140-D202B2FE64B7}.Release|Any CPU.ActiveCfg = Release|Any CPU
		{479C81E0-CF9C-4352-8140-D202B2FE64B7}.Release|Any CPU.Build.0 = Release|Any CPU
	EndGlobalSection
	GlobalSection(SolutionProperties) = preSolution
		HideSolutionNode = FALSE
	EndGlobalSection
	GlobalSection(ExtensibilityGlobals) = postSolution
		SolutionGuid = {865E21CA-1715-498D-ADFF-E44A96A68BB5}
	EndGlobalSection
EndGlobal
