
Microsoft Visual Studio Solution File, Format Version 12.00
# Visual Studio Version 17
VisualStudioVersion = 17.5.33516.290
MinimumVisualStudioVersion = 10.0.40219.1
Project("{FAE04EC0-301F-11D3-BF4B-00C04F79EFBC}") = "Ex1_Vetores", "Ex1_Vetores\Ex1_Vetores.csproj", "{53D4721E-191E-4149-AD66-89918EDA94FA}"
EndProject
Global
	GlobalSection(SolutionConfigurationPlatforms) = preSolution
		Debug|Any CPU = Debug|Any CPU
		Release|Any CPU = Release|Any CPU
	EndGlobalSection
	GlobalSection(ProjectConfigurationPlatforms) = postSolution
		{53D4721E-191E-4149-AD66-89918EDA94FA}.Debug|Any CPU.ActiveCfg = Debug|Any CPU
		{53D4721E-191E-4149-AD66-89918EDA94FA}.Debug|Any CPU.Build.0 = Debug|Any CPU
		{53D4721E-191E-4149-AD66-89918EDA94FA}.Release|Any CPU.ActiveCfg = Release|Any CPU
		{53D4721E-191E-4149-AD66-89918EDA94FA}.Release|Any CPU.Build.0 = Release|Any CPU
	EndGlobalSection
	GlobalSection(SolutionProperties) = preSolution
		HideSolutionNode = FALSE
	EndGlobalSection
	GlobalSection(ExtensibilityGlobals) = postSolution
		SolutionGuid = {6D64A8E4-E0D1-4B17-9090-4B417DA760A6}
	EndGlobalSection
EndGlobal
