
Microsoft Visual Studio Solution File, Format Version 12.00
# Visual Studio Version 17
VisualStudioVersion = 17.5.33516.290
MinimumVisualStudioVersion = 10.0.40219.1
Project("{FAE04EC0-301F-11D3-BF4B-00C04F79EFBC}") = "uri1036", "uri1036\uri1036.csproj", "{B13A5397-D1E8-49AF-AA34-0619E4178D64}"
EndProject
Global
	GlobalSection(SolutionConfigurationPlatforms) = preSolution
		Debug|Any CPU = Debug|Any CPU
		Release|Any CPU = Release|Any CPU
	EndGlobalSection
	GlobalSection(ProjectConfigurationPlatforms) = postSolution
		{B13A5397-D1E8-49AF-AA34-0619E4178D64}.Debug|Any CPU.ActiveCfg = Debug|Any CPU
		{B13A5397-D1E8-49AF-AA34-0619E4178D64}.Debug|Any CPU.Build.0 = Debug|Any CPU
		{B13A5397-D1E8-49AF-AA34-0619E4178D64}.Release|Any CPU.ActiveCfg = Release|Any CPU
		{B13A5397-D1E8-49AF-AA34-0619E4178D64}.Release|Any CPU.Build.0 = Release|Any CPU
	EndGlobalSection
	GlobalSection(SolutionProperties) = preSolution
		HideSolutionNode = FALSE
	EndGlobalSection
	GlobalSection(ExtensibilityGlobals) = postSolution
		SolutionGuid = {3A0B5868-5741-46BE-9053-C1C5454C5F43}
	EndGlobalSection
EndGlobal
