
Microsoft Visual Studio Solution File, Format Version 12.00
# Visual Studio Version 17
VisualStudioVersion = 17.5.33516.290
MinimumVisualStudioVersion = 10.0.40219.1
Project("{FAE04EC0-301F-11D3-BF4B-00C04F79EFBC}") = "uri1007", "uri1007\uri1007.csproj", "{2C9BEBF3-C593-4A9E-96F1-18F4A977196D}"
EndProject
Global
	GlobalSection(SolutionConfigurationPlatforms) = preSolution
		Debug|Any CPU = Debug|Any CPU
		Release|Any CPU = Release|Any CPU
	EndGlobalSection
	GlobalSection(ProjectConfigurationPlatforms) = postSolution
		{2C9BEBF3-C593-4A9E-96F1-18F4A977196D}.Debug|Any CPU.ActiveCfg = Debug|Any CPU
		{2C9BEBF3-C593-4A9E-96F1-18F4A977196D}.Debug|Any CPU.Build.0 = Debug|Any CPU
		{2C9BEBF3-C593-4A9E-96F1-18F4A977196D}.Release|Any CPU.ActiveCfg = Release|Any CPU
		{2C9BEBF3-C593-4A9E-96F1-18F4A977196D}.Release|Any CPU.Build.0 = Release|Any CPU
	EndGlobalSection
	GlobalSection(SolutionProperties) = preSolution
		HideSolutionNode = FALSE
	EndGlobalSection
	GlobalSection(ExtensibilityGlobals) = postSolution
		SolutionGuid = {0A2851B4-C5B7-4C2C-9241-F22C6EC0D6FF}
	EndGlobalSection
EndGlobal
