
Microsoft Visual Studio Solution File, Format Version 12.00
# Visual Studio Version 17
VisualStudioVersion = 17.5.33516.290
MinimumVisualStudioVersion = 10.0.40219.1
Project("{FAE04EC0-301F-11D3-BF4B-00C04F79EFBC}") = "uri1114", "uri1114\uri1114.csproj", "{8AF8951C-13D5-4382-A977-B04199FAED42}"
EndProject
Global
	GlobalSection(SolutionConfigurationPlatforms) = preSolution
		Debug|Any CPU = Debug|Any CPU
		Release|Any CPU = Release|Any CPU
	EndGlobalSection
	GlobalSection(ProjectConfigurationPlatforms) = postSolution
		{8AF8951C-13D5-4382-A977-B04199FAED42}.Debug|Any CPU.ActiveCfg = Debug|Any CPU
		{8AF8951C-13D5-4382-A977-B04199FAED42}.Debug|Any CPU.Build.0 = Debug|Any CPU
		{8AF8951C-13D5-4382-A977-B04199FAED42}.Release|Any CPU.ActiveCfg = Release|Any CPU
		{8AF8951C-13D5-4382-A977-B04199FAED42}.Release|Any CPU.Build.0 = Release|Any CPU
	EndGlobalSection
	GlobalSection(SolutionProperties) = preSolution
		HideSolutionNode = FALSE
	EndGlobalSection
	GlobalSection(ExtensibilityGlobals) = postSolution
		SolutionGuid = {827BD0A9-DDE8-486C-9FA5-97FB75C275BB}
	EndGlobalSection
EndGlobal
